
Microsoft Visual Studio Solution File, Format Version 12.00
# Visual Studio 15
VisualStudioVersion = 15.0.28010.2050
MinimumVisualStudioVersion = 10.0.40219.1
Project("{9A19103F-16F7-4668-BE54-9A1E7A4F7556}") = "Q5_3", "Q5_3\Q5_3.csproj", "{EC69C5CB-5132-439E-9CE5-FEAF9ED2F85C}"
EndProject
Project("{9A19103F-16F7-4668-BE54-9A1E7A4F7556}") = "Q5_10", "Q5_10\Q5_10.csproj", "{83C7D621-B46B-49C4-80A6-1A4532DDF5EC}"
EndProject
Project("{9A19103F-16F7-4668-BE54-9A1E7A4F7556}") = "Q5_14", "Q5_14\Q5_14.csproj", "{BEF20268-3133-481D-B56C-F46E11E39C7D}"
EndProject
Project("{9A19103F-16F7-4668-BE54-9A1E7A4F7556}") = "Q5_17", "Q5_17\Q5_17.csproj", "{04D96DD0-1B1A-430F-9D91-73B00AF196B0}"
EndProject
Project("{9A19103F-16F7-4668-BE54-9A1E7A4F7556}") = "Q5_21", "Q5_21\Q5_21.csproj", "{870AC781-1A14-45C8-A24A-C0BF67F5BB87}"
EndProject
Project("{9A19103F-16F7-4668-BE54-9A1E7A4F7556}") = "Q5_22", "Q5_22\Q5_22.csproj", "{3E9101EF-67F4-4C58-BD09-B25ACC7118E3}"
EndProject
Project("{9A19103F-16F7-4668-BE54-9A1E7A4F7556}") = "Q5_23", "Q5_23\Q5_23.csproj", "{77C4058C-3EB1-413F-B6B7-2C9567823E15}"
EndProject
Project("{9A19103F-16F7-4668-BE54-9A1E7A4F7556}") = "Q5_26", "Q5_26\Q5_26.csproj", "{B59391F1-0A16-4052-9867-B1EC2A6E73C4}"
EndProject
Project("{9A19103F-16F7-4668-BE54-9A1E7A4F7556}") = "Q5_27", "Q5_27\Q5_27.csproj", "{762DEE0B-983B-4470-9CE9-BD146178C696}"
EndProject
Project("{9A19103F-16F7-4668-BE54-9A1E7A4F7556}") = "Q5_28", "Q5_28\Q5_28.csproj", "{DFAEF428-C9E0-4B4C-86E3-7248691382C1}"
EndProject
Project("{9A19103F-16F7-4668-BE54-9A1E7A4F7556}") = "Q5_29", "Q5_29\Q5_29.csproj", "{339663BE-4205-4D18-BF86-510085D13F27}"
EndProject
Project("{9A19103F-16F7-4668-BE54-9A1E7A4F7556}") = "Q5_31", "Q5_31\Q5_31.csproj", "{6781DD0D-1146-4AF9-B3AF-62B057B41BCE}"
EndProject
Project("{9A19103F-16F7-4668-BE54-9A1E7A4F7556}") = "Q6_3", "Q6_3\Q6_3.csproj", "{045C5200-A5D4-482E-88A4-9073AE28E0E9}"
EndProject
Project("{9A19103F-16F7-4668-BE54-9A1E7A4F7556}") = "Q6_11", "Q6_11\Q6_11.csproj", "{2CBE34E9-A044-4ABA-A8BF-E4CF619DC153}"
EndProject
Project("{9A19103F-16F7-4668-BE54-9A1E7A4F7556}") = "Q6_13", "Q6_13\Q6_13.csproj", "{0B3012D6-771C-4B9D-BCC6-0802DE58DD87}"
EndProject
Project("{9A19103F-16F7-4668-BE54-9A1E7A4F7556}") = "Q6_18", "Q6_18\Q6_18.csproj", "{30892BAD-F5CA-402B-B330-A7758C78252D}"
EndProject
Project("{9A19103F-16F7-4668-BE54-9A1E7A4F7556}") = "Q6_21", "Q6_21\Q6_21.csproj", "{EC0CFFCB-DCB4-4952-8C78-72421D926382}"
EndProject
Project("{9A19103F-16F7-4668-BE54-9A1E7A4F7556}") = "Q6_29", "Q6_29\Q6_29.csproj", "{74CC1DCD-4F72-4225-903D-8D0999DB0C60}"
EndProject
Project("{9A19103F-16F7-4668-BE54-9A1E7A4F7556}") = "Q7_4", "Q7_4\Q7_4.csproj", "{D61EA316-00D4-4B39-BD7E-44573968DF5B}"
EndProject
Project("{9A19103F-16F7-4668-BE54-9A1E7A4F7556}") = "Q7_6", "Q7_6\Q7_6.csproj", "{174E1197-4E38-4E7B-8685-86E8113B794C}"
EndProject
Project("{9A19103F-16F7-4668-BE54-9A1E7A4F7556}") = "Q7_9", "Q7_9\Q7_9.csproj", "{7FC9583F-306D-4DE1-9C3C-D24BFDF57656}"
EndProject
Project("{9A19103F-16F7-4668-BE54-9A1E7A4F7556}") = "Q7_11", "Q7_11\Q7_11.csproj", "{A1572E78-EA07-4406-9895-6119091DE96F}"
EndProject
Project("{9A19103F-16F7-4668-BE54-9A1E7A4F7556}") = "Q7_17", "Q7_17\Q7_17.csproj", "{8C1E6681-BD60-4893-8D01-1AA2041A258F}"
EndProject
Project("{FAE04EC0-301F-11D3-BF4B-00C04F79EFBC}") = "Q7_19", "Q7_19\Q7_19.csproj", "{51490FB1-B433-477E-A984-3E2CA6071768}"
EndProject
Project("{FAE04EC0-301F-11D3-BF4B-00C04F79EFBC}") = "Q7_20", "Q7_20\Q7_20.csproj", "{0D4ECCB2-67E5-411D-9BE8-D10F8E2ADB92}"
EndProject
Global
	GlobalSection(SolutionConfigurationPlatforms) = preSolution
		Debug|Any CPU = Debug|Any CPU
		Release|Any CPU = Release|Any CPU
	EndGlobalSection
	GlobalSection(ProjectConfigurationPlatforms) = postSolution
		{EC69C5CB-5132-439E-9CE5-FEAF9ED2F85C}.Debug|Any CPU.ActiveCfg = Debug|Any CPU
		{EC69C5CB-5132-439E-9CE5-FEAF9ED2F85C}.Debug|Any CPU.Build.0 = Debug|Any CPU
		{EC69C5CB-5132-439E-9CE5-FEAF9ED2F85C}.Release|Any CPU.ActiveCfg = Release|Any CPU
		{EC69C5CB-5132-439E-9CE5-FEAF9ED2F85C}.Release|Any CPU.Build.0 = Release|Any CPU
		{83C7D621-B46B-49C4-80A6-1A4532DDF5EC}.Debug|Any CPU.ActiveCfg = Debug|Any CPU
		{83C7D621-B46B-49C4-80A6-1A4532DDF5EC}.Debug|Any CPU.Build.0 = Debug|Any CPU
		{83C7D621-B46B-49C4-80A6-1A4532DDF5EC}.Release|Any CPU.ActiveCfg = Release|Any CPU
		{83C7D621-B46B-49C4-80A6-1A4532DDF5EC}.Release|Any CPU.Build.0 = Release|Any CPU
		{BEF20268-3133-481D-B56C-F46E11E39C7D}.Debug|Any CPU.ActiveCfg = Debug|Any CPU
		{BEF20268-3133-481D-B56C-F46E11E39C7D}.Debug|Any CPU.Build.0 = Debug|Any CPU
		{BEF20268-3133-481D-B56C-F46E11E39C7D}.Release|Any CPU.ActiveCfg = Release|Any CPU
		{BEF20268-3133-481D-B56C-F46E11E39C7D}.Release|Any CPU.Build.0 = Release|Any CPU
		{04D96DD0-1B1A-430F-9D91-73B00AF196B0}.Debug|Any CPU.ActiveCfg = Debug|Any CPU
		{04D96DD0-1B1A-430F-9D91-73B00AF196B0}.Debug|Any CPU.Build.0 = Debug|Any CPU
		{04D96DD0-1B1A-430F-9D91-73B00AF196B0}.Release|Any CPU.ActiveCfg = Release|Any CPU
		{04D96DD0-1B1A-430F-9D91-73B00AF196B0}.Release|Any CPU.Build.0 = Release|Any CPU
		{870AC781-1A14-45C8-A24A-C0BF67F5BB87}.Debug|Any CPU.ActiveCfg = Debug|Any CPU
		{870AC781-1A14-45C8-A24A-C0BF67F5BB87}.Debug|Any CPU.Build.0 = Debug|Any CPU
		{870AC781-1A14-45C8-A24A-C0BF67F5BB87}.Release|Any CPU.ActiveCfg = Release|Any CPU
		{870AC781-1A14-45C8-A24A-C0BF67F5BB87}.Release|Any CPU.Build.0 = Release|Any CPU
		{3E9101EF-67F4-4C58-BD09-B25ACC7118E3}.Debug|Any CPU.ActiveCfg = Debug|Any CPU
		{3E9101EF-67F4-4C58-BD09-B25ACC7118E3}.Debug|Any CPU.Build.0 = Debug|Any CPU
		{3E9101EF-67F4-4C58-BD09-B25ACC7118E3}.Release|Any CPU.ActiveCfg = Release|Any CPU
		{3E9101EF-67F4-4C58-BD09-B25ACC7118E3}.Release|Any CPU.Build.0 = Release|Any CPU
		{77C4058C-3EB1-413F-B6B7-2C9567823E15}.Debug|Any CPU.ActiveCfg = Debug|Any CPU
		{77C4058C-3EB1-413F-B6B7-2C9567823E15}.Debug|Any CPU.Build.0 = Debug|Any CPU
		{77C4058C-3EB1-413F-B6B7-2C9567823E15}.Release|Any CPU.ActiveCfg = Release|Any CPU
		{77C4058C-3EB1-413F-B6B7-2C9567823E15}.Release|Any CPU.Build.0 = Release|Any CPU
		{B59391F1-0A16-4052-9867-B1EC2A6E73C4}.Debug|Any CPU.ActiveCfg = Debug|Any CPU
		{B59391F1-0A16-4052-9867-B1EC2A6E73C4}.Debug|Any CPU.Build.0 = Debug|Any CPU
		{B59391F1-0A16-4052-9867-B1EC2A6E73C4}.Release|Any CPU.ActiveCfg = Release|Any CPU
		{B59391F1-0A16-4052-9867-B1EC2A6E73C4}.Release|Any CPU.Build.0 = Release|Any CPU
		{762DEE0B-983B-4470-9CE9-BD146178C696}.Debug|Any CPU.ActiveCfg = Debug|Any CPU
		{762DEE0B-983B-4470-9CE9-BD146178C696}.Debug|Any CPU.Build.0 = Debug|Any CPU
		{762DEE0B-983B-4470-9CE9-BD146178C696}.Release|Any CPU.ActiveCfg = Release|Any CPU
		{762DEE0B-983B-4470-9CE9-BD146178C696}.Release|Any CPU.Build.0 = Release|Any CPU
		{DFAEF428-C9E0-4B4C-86E3-7248691382C1}.Debug|Any CPU.ActiveCfg = Debug|Any CPU
		{DFAEF428-C9E0-4B4C-86E3-7248691382C1}.Debug|Any CPU.Build.0 = Debug|Any CPU
		{DFAEF428-C9E0-4B4C-86E3-7248691382C1}.Release|Any CPU.ActiveCfg = Release|Any CPU
		{DFAEF428-C9E0-4B4C-86E3-7248691382C1}.Release|Any CPU.Build.0 = Release|Any CPU
		{339663BE-4205-4D18-BF86-510085D13F27}.Debug|Any CPU.ActiveCfg = Debug|Any CPU
		{339663BE-4205-4D18-BF86-510085D13F27}.Debug|Any CPU.Build.0 = Debug|Any CPU
		{339663BE-4205-4D18-BF86-510085D13F27}.Release|Any CPU.ActiveCfg = Release|Any CPU
		{339663BE-4205-4D18-BF86-510085D13F27}.Release|Any CPU.Build.0 = Release|Any CPU
		{6781DD0D-1146-4AF9-B3AF-62B057B41BCE}.Debug|Any CPU.ActiveCfg = Debug|Any CPU
		{6781DD0D-1146-4AF9-B3AF-62B057B41BCE}.Debug|Any CPU.Build.0 = Debug|Any CPU
		{6781DD0D-1146-4AF9-B3AF-62B057B41BCE}.Release|Any CPU.ActiveCfg = Release|Any CPU
		{6781DD0D-1146-4AF9-B3AF-62B057B41BCE}.Release|Any CPU.Build.0 = Release|Any CPU
		{045C5200-A5D4-482E-88A4-9073AE28E0E9}.Debug|Any CPU.ActiveCfg = Debug|Any CPU
		{045C5200-A5D4-482E-88A4-9073AE28E0E9}.Debug|Any CPU.Build.0 = Debug|Any CPU
		{045C5200-A5D4-482E-88A4-9073AE28E0E9}.Release|Any CPU.ActiveCfg = Release|Any CPU
		{045C5200-A5D4-482E-88A4-9073AE28E0E9}.Release|Any CPU.Build.0 = Release|Any CPU
		{2CBE34E9-A044-4ABA-A8BF-E4CF619DC153}.Debug|Any CPU.ActiveCfg = Debug|Any CPU
		{2CBE34E9-A044-4ABA-A8BF-E4CF619DC153}.Debug|Any CPU.Build.0 = Debug|Any CPU
		{2CBE34E9-A044-4ABA-A8BF-E4CF619DC153}.Release|Any CPU.ActiveCfg = Release|Any CPU
		{2CBE34E9-A044-4ABA-A8BF-E4CF619DC153}.Release|Any CPU.Build.0 = Release|Any CPU
		{0B3012D6-771C-4B9D-BCC6-0802DE58DD87}.Debug|Any CPU.ActiveCfg = Debug|Any CPU
		{0B3012D6-771C-4B9D-BCC6-0802DE58DD87}.Debug|Any CPU.Build.0 = Debug|Any CPU
		{0B3012D6-771C-4B9D-BCC6-0802DE58DD87}.Release|Any CPU.ActiveCfg = Release|Any CPU
		{0B3012D6-771C-4B9D-BCC6-0802DE58DD87}.Release|Any CPU.Build.0 = Release|Any CPU
		{30892BAD-F5CA-402B-B330-A7758C78252D}.Debug|Any CPU.ActiveCfg = Debug|Any CPU
		{30892BAD-F5CA-402B-B330-A7758C78252D}.Debug|Any CPU.Build.0 = Debug|Any CPU
		{30892BAD-F5CA-402B-B330-A7758C78252D}.Release|Any CPU.ActiveCfg = Release|Any CPU
		{30892BAD-F5CA-402B-B330-A7758C78252D}.Release|Any CPU.Build.0 = Release|Any CPU
		{EC0CFFCB-DCB4-4952-8C78-72421D926382}.Debug|Any CPU.ActiveCfg = Debug|Any CPU
		{EC0CFFCB-DCB4-4952-8C78-72421D926382}.Debug|Any CPU.Build.0 = Debug|Any CPU
		{EC0CFFCB-DCB4-4952-8C78-72421D926382}.Release|Any CPU.ActiveCfg = Release|Any CPU
		{EC0CFFCB-DCB4-4952-8C78-72421D926382}.Release|Any CPU.Build.0 = Release|Any CPU
		{74CC1DCD-4F72-4225-903D-8D0999DB0C60}.Debug|Any CPU.ActiveCfg = Debug|Any CPU
		{74CC1DCD-4F72-4225-903D-8D0999DB0C60}.Debug|Any CPU.Build.0 = Debug|Any CPU
		{74CC1DCD-4F72-4225-903D-8D0999DB0C60}.Release|Any CPU.ActiveCfg = Release|Any CPU
		{74CC1DCD-4F72-4225-903D-8D0999DB0C60}.Release|Any CPU.Build.0 = Release|Any CPU
		{D61EA316-00D4-4B39-BD7E-44573968DF5B}.Debug|Any CPU.ActiveCfg = Debug|Any CPU
		{D61EA316-00D4-4B39-BD7E-44573968DF5B}.Debug|Any CPU.Build.0 = Debug|Any CPU
		{D61EA316-00D4-4B39-BD7E-44573968DF5B}.Release|Any CPU.ActiveCfg = Release|Any CPU
		{D61EA316-00D4-4B39-BD7E-44573968DF5B}.Release|Any CPU.Build.0 = Release|Any CPU
		{174E1197-4E38-4E7B-8685-86E8113B794C}.Debug|Any CPU.ActiveCfg = Debug|Any CPU
		{174E1197-4E38-4E7B-8685-86E8113B794C}.Debug|Any CPU.Build.0 = Debug|Any CPU
		{174E1197-4E38-4E7B-8685-86E8113B794C}.Release|Any CPU.ActiveCfg = Release|Any CPU
		{174E1197-4E38-4E7B-8685-86E8113B794C}.Release|Any CPU.Build.0 = Release|Any CPU
		{7FC9583F-306D-4DE1-9C3C-D24BFDF57656}.Debug|Any CPU.ActiveCfg = Debug|Any CPU
		{7FC9583F-306D-4DE1-9C3C-D24BFDF57656}.Debug|Any CPU.Build.0 = Debug|Any CPU
		{7FC9583F-306D-4DE1-9C3C-D24BFDF57656}.Release|Any CPU.ActiveCfg = Release|Any CPU
		{7FC9583F-306D-4DE1-9C3C-D24BFDF57656}.Release|Any CPU.Build.0 = Release|Any CPU
		{A1572E78-EA07-4406-9895-6119091DE96F}.Debug|Any CPU.ActiveCfg = Debug|Any CPU
		{A1572E78-EA07-4406-9895-6119091DE96F}.Debug|Any CPU.Build.0 = Debug|Any CPU
		{A1572E78-EA07-4406-9895-6119091DE96F}.Release|Any CPU.ActiveCfg = Release|Any CPU
		{A1572E78-EA07-4406-9895-6119091DE96F}.Release|Any CPU.Build.0 = Release|Any CPU
		{8C1E6681-BD60-4893-8D01-1AA2041A258F}.Debug|Any CPU.ActiveCfg = Debug|Any CPU
		{8C1E6681-BD60-4893-8D01-1AA2041A258F}.Debug|Any CPU.Build.0 = Debug|Any CPU
		{8C1E6681-BD60-4893-8D01-1AA2041A258F}.Release|Any CPU.ActiveCfg = Release|Any CPU
		{8C1E6681-BD60-4893-8D01-1AA2041A258F}.Release|Any CPU.Build.0 = Release|Any CPU
		{51490FB1-B433-477E-A984-3E2CA6071768}.Debug|Any CPU.ActiveCfg = Debug|Any CPU
		{51490FB1-B433-477E-A984-3E2CA6071768}.Debug|Any CPU.Build.0 = Debug|Any CPU
		{51490FB1-B433-477E-A984-3E2CA6071768}.Release|Any CPU.ActiveCfg = Release|Any CPU
		{51490FB1-B433-477E-A984-3E2CA6071768}.Release|Any CPU.Build.0 = Release|Any CPU
		{0D4ECCB2-67E5-411D-9BE8-D10F8E2ADB92}.Debug|Any CPU.ActiveCfg = Debug|Any CPU
		{0D4ECCB2-67E5-411D-9BE8-D10F8E2ADB92}.Debug|Any CPU.Build.0 = Debug|Any CPU
		{0D4ECCB2-67E5-411D-9BE8-D10F8E2ADB92}.Release|Any CPU.ActiveCfg = Release|Any CPU
		{0D4ECCB2-67E5-411D-9BE8-D10F8E2ADB92}.Release|Any CPU.Build.0 = Release|Any CPU
	EndGlobalSection
	GlobalSection(SolutionProperties) = preSolution
		HideSolutionNode = FALSE
	EndGlobalSection
	GlobalSection(ExtensibilityGlobals) = postSolution
		SolutionGuid = {64AB00FE-58FF-4A56-8ADD-7F2164D83BF9}
	EndGlobalSection
EndGlobal
